
Microsoft Visual Studio Solution File, Format Version 12.00
# Visual Studio Version 17
VisualStudioVersion = 17.14.36401.2
MinimumVisualStudioVersion = 10.0.40219.1
Project("{FAE04EC0-301F-11D3-BF4B-00C04F79EFBC}") = "Webshop", "Webshop\Webshop.csproj", "{08A90E83-4B80-4E42-B5D5-A27863EF2905}"
EndProject
Project("{FAE04EC0-301F-11D3-BF4B-00C04F79EFBC}") = "Webshop_ModelTest", "Webshop_ModelTest\Webshop_ModelTest.csproj", "{AF6DB5B8-98FB-4199-B2BA-4185F7026BC6}"
EndProject
Global
	GlobalSection(SolutionConfigurationPlatforms) = preSolution
		Debug|Any CPU = Debug|Any CPU
		Release|Any CPU = Release|Any CPU
	EndGlobalSection
	GlobalSection(ProjectConfigurationPlatforms) = postSolution
		{08A90E83-4B80-4E42-B5D5-A27863EF2905}.Debug|Any CPU.ActiveCfg = Debug|Any CPU
		{08A90E83-4B80-4E42-B5D5-A27863EF2905}.Debug|Any CPU.Build.0 = Debug|Any CPU
		{08A90E83-4B80-4E42-B5D5-A27863EF2905}.Release|Any CPU.ActiveCfg = Release|Any CPU
		{08A90E83-4B80-4E42-B5D5-A27863EF2905}.Release|Any CPU.Build.0 = Release|Any CPU
		{AF6DB5B8-98FB-4199-B2BA-4185F7026BC6}.Debug|Any CPU.ActiveCfg = Debug|Any CPU
		{AF6DB5B8-98FB-4199-B2BA-4185F7026BC6}.Debug|Any CPU.Build.0 = Debug|Any CPU
		{AF6DB5B8-98FB-4199-B2BA-4185F7026BC6}.Release|Any CPU.ActiveCfg = Release|Any CPU
		{AF6DB5B8-98FB-4199-B2BA-4185F7026BC6}.Release|Any CPU.Build.0 = Release|Any CPU
	EndGlobalSection
	GlobalSection(SolutionProperties) = preSolution
		HideSolutionNode = FALSE
	EndGlobalSection
	GlobalSection(ExtensibilityGlobals) = postSolution
		SolutionGuid = {853273BA-0BE3-44D4-AB43-8EE03F61951F}
	EndGlobalSection
EndGlobal
